// !$*UTF8*$!
{
	archiveVersion = 1;
	classes = {
	};
	objectVersion = 50;
	objects = {

/* Begin PBXBuildFile section */
		E9513B5F2375DA2F007C322E /* CocoaAsyncSocket.framework in Embed Frameworks */ = {isa = PBXBuildFile; fileRef = E9513B5D2375DA2E007C322E /* CocoaAsyncSocket.framework */; settings = {ATTRIBUTES = (CodeSignOnCopy, RemoveHeadersOnCopy, ); }; };
		E9513B602375DA2F007C322E /* CocoaMQTT.framework in Embed Frameworks */ = {isa = PBXBuildFile; fileRef = E9513B5E2375DA2E007C322E /* CocoaMQTT.framework */; settings = {ATTRIBUTES = (CodeSignOnCopy, RemoveHeadersOnCopy, ); }; };
		E9835CD02379CB9A00C5CEA2 /* Score.swift in Sources */ = {isa = PBXBuildFile; fileRef = E9835CCF2379CB9A00C5CEA2 /* Score.swift */; };
		E9835CD22379CBD300C5CEA2 /* MenuItemView.swift in Sources */ = {isa = PBXBuildFile; fileRef = E9835CD12379CBD300C5CEA2 /* MenuItemView.swift */; };
		E9835CD42379D74300C5CEA2 /* Updater.swift in Sources */ = {isa = PBXBuildFile; fileRef = E9835CD32379D74300C5CEA2 /* Updater.swift */; };
		E9A37FE023748090000527B4 /* AppDelegate.swift in Sources */ = {isa = PBXBuildFile; fileRef = E9A37FDF23748090000527B4 /* AppDelegate.swift */; };
		E9A37FE423748092000527B4 /* Assets.xcassets in Resources */ = {isa = PBXBuildFile; fileRef = E9A37FE323748092000527B4 /* Assets.xcassets */; };
		E9A37FE723748092000527B4 /* Preview Assets.xcassets in Resources */ = {isa = PBXBuildFile; fileRef = E9A37FE623748092000527B4 /* Preview Assets.xcassets */; };
		E9A37FEA23748093000527B4 /* Main.storyboard in Resources */ = {isa = PBXBuildFile; fileRef = E9A37FE823748093000527B4 /* Main.storyboard */; };
/* End PBXBuildFile section */

/* Begin PBXCopyFilesBuildPhase section */
		E9513B5C2375CF9A007C322E /* Embed Frameworks */ = {
			isa = PBXCopyFilesBuildPhase;
			buildActionMask = 2147483647;
			dstPath = "";
			dstSubfolderSpec = 10;
			files = (
				E9513B5F2375DA2F007C322E /* CocoaAsyncSocket.framework in Embed Frameworks */,
				E9513B602375DA2F007C322E /* CocoaMQTT.framework in Embed Frameworks */,
			);
			name = "Embed Frameworks";
			runOnlyForDeploymentPostprocessing = 0;
		};
/* End PBXCopyFilesBuildPhase section */

/* Begin PBXFileReference section */
		E9513B5D2375DA2E007C322E /* CocoaAsyncSocket.framework */ = {isa = PBXFileReference; lastKnownFileType = wrapper.framework; name = CocoaAsyncSocket.framework; path = Carthage/Build/Mac/CocoaAsyncSocket.framework; sourceTree = "<group>"; };
		E9513B5E2375DA2E007C322E /* CocoaMQTT.framework */ = {isa = PBXFileReference; lastKnownFileType = wrapper.framework; name = CocoaMQTT.framework; path = Carthage/Build/Mac/CocoaMQTT.framework; sourceTree = "<group>"; };
		E9835CCF2379CB9A00C5CEA2 /* Score.swift */ = {isa = PBXFileReference; lastKnownFileType = sourcecode.swift; path = Score.swift; sourceTree = "<group>"; };
		E9835CD12379CBD300C5CEA2 /* MenuItemView.swift */ = {isa = PBXFileReference; lastKnownFileType = sourcecode.swift; path = MenuItemView.swift; sourceTree = "<group>"; };
		E9835CD32379D74300C5CEA2 /* Updater.swift */ = {isa = PBXFileReference; lastKnownFileType = sourcecode.swift; path = Updater.swift; sourceTree = "<group>"; };
		E9A37FDC23748090000527B4 /* hkick-mac.app */ = {isa = PBXFileReference; explicitFileType = wrapper.application; includeInIndex = 0; path = "hkick-mac.app"; sourceTree = BUILT_PRODUCTS_DIR; };
		E9A37FDF23748090000527B4 /* AppDelegate.swift */ = {isa = PBXFileReference; lastKnownFileType = sourcecode.swift; path = AppDelegate.swift; sourceTree = "<group>"; };
		E9A37FE323748092000527B4 /* Assets.xcassets */ = {isa = PBXFileReference; lastKnownFileType = folder.assetcatalog; path = Assets.xcassets; sourceTree = "<group>"; };
		E9A37FE623748092000527B4 /* Preview Assets.xcassets */ = {isa = PBXFileReference; lastKnownFileType = folder.assetcatalog; path = "Preview Assets.xcassets"; sourceTree = "<group>"; };
		E9A37FE923748093000527B4 /* Base */ = {isa = PBXFileReference; lastKnownFileType = file.storyboard; name = Base; path = Base.lproj/Main.storyboard; sourceTree = "<group>"; };
		E9A37FEB23748093000527B4 /* Info.plist */ = {isa = PBXFileReference; lastKnownFileType = text.plist.xml; path = Info.plist; sourceTree = "<group>"; };
/* End PBXFileReference section */

/* Begin PBXFrameworksBuildPhase section */
		E9A37FD923748090000527B4 /* Frameworks */ = {
			isa = PBXFrameworksBuildPhase;
			buildActionMask = 2147483647;
			files = (
			);
			runOnlyForDeploymentPostprocessing = 0;
		};
/* End PBXFrameworksBuildPhase section */

/* Begin PBXGroup section */
		E9513B582375CF9A007C322E /* Frameworks */ = {
			isa = PBXGroup;
			children = (
				E9513B5D2375DA2E007C322E /* CocoaAsyncSocket.framework */,
				E9513B5E2375DA2E007C322E /* CocoaMQTT.framework */,
			);
			name = Frameworks;
			sourceTree = "<group>";
		};
		E9A37FD323748090000527B4 = {
			isa = PBXGroup;
			children = (
				E9A37FDE23748090000527B4 /* hkick-mac */,
				E9A37FDD23748090000527B4 /* Products */,
				E9513B582375CF9A007C322E /* Frameworks */,
			);
			sourceTree = "<group>";
		};
		E9A37FDD23748090000527B4 /* Products */ = {
			isa = PBXGroup;
			children = (
				E9A37FDC23748090000527B4 /* hkick-mac.app */,
			);
			name = Products;
			sourceTree = "<group>";
		};
		E9A37FDE23748090000527B4 /* hkick-mac */ = {
			isa = PBXGroup;
			children = (
				E9A37FDF23748090000527B4 /* AppDelegate.swift */,
				E9835CD12379CBD300C5CEA2 /* MenuItemView.swift */,
				E9835CCF2379CB9A00C5CEA2 /* Score.swift */,
				E9835CD32379D74300C5CEA2 /* Updater.swift */,
				E9A37FE323748092000527B4 /* Assets.xcassets */,
				E9A37FE823748093000527B4 /* Main.storyboard */,
				E9A37FEB23748093000527B4 /* Info.plist */,
				E9A37FE523748092000527B4 /* Preview Content */,
			);
			path = "hkick-mac";
			sourceTree = "<group>";
		};
		E9A37FE523748092000527B4 /* Preview Content */ = {
			isa = PBXGroup;
			children = (
				E9A37FE623748092000527B4 /* Preview Assets.xcassets */,
			);
			path = "Preview Content";
			sourceTree = "<group>";
		};
/* End PBXGroup section */

/* Begin PBXNativeTarget section */
		E9A37FDB23748090000527B4 /* hkick-mac */ = {
			isa = PBXNativeTarget;
			buildConfigurationList = E9A37FEF23748093000527B4 /* Build configuration list for PBXNativeTarget "hkick-mac" */;
			buildPhases = (
				E9A37FD823748090000527B4 /* Sources */,
				E9A37FD923748090000527B4 /* Frameworks */,
				E9A37FDA23748090000527B4 /* Resources */,
				E9513B5C2375CF9A007C322E /* Embed Frameworks */,
			);
			buildRules = (
			);
			dependencies = (
			);
			name = "hkick-mac";
			packageProductDependencies = (
			);
			productName = "hkick-mac";
			productReference = E9A37FDC23748090000527B4 /* hkick-mac.app */;
			productType = "com.apple.product-type.application";
		};
/* End PBXNativeTarget section */

/* Begin PBXProject section */
		E9A37FD423748090000527B4 /* Project object */ = {
			isa = PBXProject;
			attributes = {
				LastSwiftUpdateCheck = 1120;
				LastUpgradeCheck = 1120;
				ORGANIZATIONNAME = "Herzmut Games";
				TargetAttributes = {
					E9A37FDB23748090000527B4 = {
						CreatedOnToolsVersion = 11.2;
					};
				};
			};
			buildConfigurationList = E9A37FD723748090000527B4 /* Build configuration list for PBXProject "hkick-mac" */;
			compatibilityVersion = "Xcode 9.3";
			developmentRegion = en;
			hasScannedForEncodings = 0;
			knownRegions = (
				en,
				Base,
			);
			mainGroup = E9A37FD323748090000527B4;
			packageReferences = (
			);
			productRefGroup = E9A37FDD23748090000527B4 /* Products */;
			projectDirPath = "";
			projectRoot = "";
			targets = (
				E9A37FDB23748090000527B4 /* hkick-mac */,
			);
		};
/* End PBXProject section */

/* Begin PBXResourcesBuildPhase section */
		E9A37FDA23748090000527B4 /* Resources */ = {
			isa = PBXResourcesBuildPhase;
			buildActionMask = 2147483647;
			files = (
				E9A37FEA23748093000527B4 /* Main.storyboard in Resources */,
				E9A37FE723748092000527B4 /* Preview Assets.xcassets in Resources */,
				E9A37FE423748092000527B4 /* Assets.xcassets in Resources */,
			);
			runOnlyForDeploymentPostprocessing = 0;
		};
/* End PBXResourcesBuildPhase section */

/* Begin PBXSourcesBuildPhase section */
		E9A37FD823748090000527B4 /* Sources */ = {
			isa = PBXSourcesBuildPhase;
			buildActionMask = 2147483647;
			files = (
				E9835CD02379CB9A00C5CEA2 /* Score.swift in Sources */,
				E9835CD42379D74300C5CEA2 /* Updater.swift in Sources */,
				E9835CD22379CBD300C5CEA2 /* MenuItemView.swift in Sources */,
				E9A37FE023748090000527B4 /* AppDelegate.swift in Sources */,
			);
			runOnlyForDeploymentPostprocessing = 0;
		};
/* End PBXSourcesBuildPhase section */

/* Begin PBXVariantGroup section */
		E9A37FE823748093000527B4 /* Main.storyboard */ = {
			isa = PBXVariantGroup;
			children = (
				E9A37FE923748093000527B4 /* Base */,
			);
			name = Main.storyboard;
			sourceTree = "<group>";
		};
/* End PBXVariantGroup section */

/* Begin XCBuildConfiguration section */
		E9A37FED23748093000527B4 /* Debug */ = {
			isa = XCBuildConfiguration;
			buildSettings = {
				ALWAYS_SEARCH_USER_PATHS = NO;
				CLANG_ANALYZER_NONNULL = YES;
				CLANG_ANALYZER_NUMBER_OBJECT_CONVERSION = YES_AGGRESSIVE;
				CLANG_CXX_LANGUAGE_STANDARD = "gnu++14";
				CLANG_CXX_LIBRARY = "libc++";
				CLANG_ENABLE_MODULES = YES;
				CLANG_ENABLE_OBJC_ARC = YES;
				CLANG_ENABLE_OBJC_WEAK = YES;
				CLANG_WARN_BLOCK_CAPTURE_AUTORELEASING = YES;
				CLANG_WARN_BOOL_CONVERSION = YES;
				CLANG_WARN_COMMA = YES;
				CLANG_WARN_CONSTANT_CONVERSION = YES;
				CLANG_WARN_DEPRECATED_OBJC_IMPLEMENTATIONS = YES;
				CLANG_WARN_DIRECT_OBJC_ISA_USAGE = YES_ERROR;
				CLANG_WARN_DOCUMENTATION_COMMENTS = YES;
				CLANG_WARN_EMPTY_BODY = YES;
				CLANG_WARN_ENUM_CONVERSION = YES;
				CLANG_WARN_INFINITE_RECURSION = YES;
				CLANG_WARN_INT_CONVERSION = YES;
				CLANG_WARN_NON_LITERAL_NULL_CONVERSION = YES;
				CLANG_WARN_OBJC_IMPLICIT_RETAIN_SELF = YES;
				CLANG_WARN_OBJC_LITERAL_CONVERSION = YES;
				CLANG_WARN_OBJC_ROOT_CLASS = YES_ERROR;
				CLANG_WARN_RANGE_LOOP_ANALYSIS = YES;
				CLANG_WARN_STRICT_PROTOTYPES = YES;
				CLANG_WARN_SUSPICIOUS_MOVE = YES;
				CLANG_WARN_UNGUARDED_AVAILABILITY = YES_AGGRESSIVE;
				CLANG_WARN_UNREACHABLE_CODE = YES;
				CLANG_WARN__DUPLICATE_METHOD_MATCH = YES;
				COPY_PHASE_STRIP = NO;
				DEBUG_INFORMATION_FORMAT = dwarf;
				ENABLE_STRICT_OBJC_MSGSEND = YES;
				ENABLE_TESTABILITY = YES;
				GCC_C_LANGUAGE_STANDARD = gnu11;
				GCC_DYNAMIC_NO_PIC = NO;
				GCC_NO_COMMON_BLOCKS = YES;
				GCC_OPTIMIZATION_LEVEL = 0;
				GCC_PREPROCESSOR_DEFINITIONS = (
					"DEBUG=1",
					"$(inherited)",
				);
				GCC_WARN_64_TO_32_BIT_CONVERSION = YES;
				GCC_WARN_ABOUT_RETURN_TYPE = YES_ERROR;
				GCC_WARN_UNDECLARED_SELECTOR = YES;
				GCC_WARN_UNINITIALIZED_AUTOS = YES_AGGRESSIVE;
				GCC_WARN_UNUSED_FUNCTION = YES;
				GCC_WARN_UNUSED_VARIABLE = YES;
				MACOSX_DEPLOYMENT_TARGET = 10.14;
				MTL_ENABLE_DEBUG_INFO = INCLUDE_SOURCE;
				MTL_FAST_MATH = YES;
				ONLY_ACTIVE_ARCH = YES;
				SDKROOT = macosx;
				SWIFT_ACTIVE_COMPILATION_CONDITIONS = DEBUG;
				SWIFT_OPTIMIZATION_LEVEL = "-Onone";
			};
			name = Debug;
		};
		E9A37FEE23748093000527B4 /* Release */ = {
			isa = XCBuildConfiguration;
			buildSettings = {
				ALWAYS_SEARCH_USER_PATHS = NO;
				CLANG_ANALYZER_NONNULL = YES;
				CLANG_ANALYZER_NUMBER_OBJECT_CONVERSION = YES_AGGRESSIVE;
				CLANG_CXX_LANGUAGE_STANDARD = "gnu++14";
				CLANG_CXX_LIBRARY = "libc++";
				CLANG_ENABLE_MODULES = YES;
				CLANG_ENABLE_OBJC_ARC = YES;
				CLANG_ENABLE_OBJC_WEAK = YES;
				CLANG_WARN_BLOCK_CAPTURE_AUTORELEASING = YES;
				CLANG_WARN_BOOL_CONVERSION = YES;
				CLANG_WARN_COMMA = YES;
				CLANG_WARN_CONSTANT_CONVERSION = YES;
				CLANG_WARN_DEPRECATED_OBJC_IMPLEMENTATIONS = YES;
				CLANG_WARN_DIRECT_OBJC_ISA_USAGE = YES_ERROR;
				CLANG_WARN_DOCUMENTATION_COMMENTS = YES;
				CLANG_WARN_EMPTY_BODY = YES;
				CLANG_WARN_ENUM_CONVERSION = YES;
				CLANG_WARN_INFINITE_RECURSION = YES;
				CLANG_WARN_INT_CONVERSION = YES;
				CLANG_WARN_NON_LITERAL_NULL_CONVERSION = YES;
				CLANG_WARN_OBJC_IMPLICIT_RETAIN_SELF = YES;
				CLANG_WARN_OBJC_LITERAL_CONVERSION = YES;
				CLANG_WARN_OBJC_ROOT_CLASS = YES_ERROR;
				CLANG_WARN_RANGE_LOOP_ANALYSIS = YES;
				CLANG_WARN_STRICT_PROTOTYPES = YES;
				CLANG_WARN_SUSPICIOUS_MOVE = YES;
				CLANG_WARN_UNGUARDED_AVAILABILITY = YES_AGGRESSIVE;
				CLANG_WARN_UNREACHABLE_CODE = YES;
				CLANG_WARN__DUPLICATE_METHOD_MATCH = YES;
				COPY_PHASE_STRIP = NO;
				DEBUG_INFORMATION_FORMAT = "dwarf-with-dsym";
				ENABLE_NS_ASSERTIONS = NO;
				ENABLE_STRICT_OBJC_MSGSEND = YES;
				GCC_C_LANGUAGE_STANDARD = gnu11;
				GCC_NO_COMMON_BLOCKS = YES;
				GCC_WARN_64_TO_32_BIT_CONVERSION = YES;
				GCC_WARN_ABOUT_RETURN_TYPE = YES_ERROR;
				GCC_WARN_UNDECLARED_SELECTOR = YES;
				GCC_WARN_UNINITIALIZED_AUTOS = YES_AGGRESSIVE;
				GCC_WARN_UNUSED_FUNCTION = YES;
				GCC_WARN_UNUSED_VARIABLE = YES;
				MACOSX_DEPLOYMENT_TARGET = 10.14;
				MTL_ENABLE_DEBUG_INFO = NO;
				MTL_FAST_MATH = YES;
				SDKROOT = macosx;
				SWIFT_COMPILATION_MODE = wholemodule;
				SWIFT_OPTIMIZATION_LEVEL = "-O";
			};
			name = Release;
		};
		E9A37FF023748093000527B4 /* Debug */ = {
			isa = XCBuildConfiguration;
			buildSettings = {
				ASSETCATALOG_COMPILER_APPICON_NAME = AppIcon;
				CODE_SIGN_STYLE = Automatic;
				COMBINE_HIDPI_IMAGES = YES;
				DEVELOPMENT_ASSET_PATHS = "\"hkick-mac/Preview Content\"";
				ENABLE_PREVIEWS = YES;
				FRAMEWORK_SEARCH_PATHS = (
					"$(inherited)",
					"$(PROJECT_DIR)/Carthage/Build/Mac",
				);
				INFOPLIST_FILE = "hkick-mac/Info.plist";
				LD_RUNPATH_SEARCH_PATHS = (
					"$(inherited)",
					"@executable_path/../Frameworks",
				);
				MACOSX_DEPLOYMENT_TARGET = 10.14;
				PRODUCT_BUNDLE_IDENTIFIER = "games.herzmut.hkick-mac";
				PRODUCT_NAME = "$(TARGET_NAME)";
				SWIFT_VERSION = 5.0;
			};
			name = Debug;
		};
		E9A37FF123748093000527B4 /* Release */ = {
			isa = XCBuildConfiguration;
			buildSettings = {
				ASSETCATALOG_COMPILER_APPICON_NAME = AppIcon;
				CODE_SIGN_STYLE = Automatic;
				COMBINE_HIDPI_IMAGES = YES;
				DEVELOPMENT_ASSET_PATHS = "\"hkick-mac/Preview Content\"";
				ENABLE_PREVIEWS = YES;
				FRAMEWORK_SEARCH_PATHS = (
					"$(inherited)",
					"$(PROJECT_DIR)/Carthage/Build/Mac",
				);
				INFOPLIST_FILE = "hkick-mac/Info.plist";
				LD_RUNPATH_SEARCH_PATHS = (
					"$(inherited)",
					"@executable_path/../Frameworks",
				);
				MACOSX_DEPLOYMENT_TARGET = 10.14;
				PRODUCT_BUNDLE_IDENTIFIER = "games.herzmut.hkick-mac";
				PRODUCT_NAME = "$(TARGET_NAME)";
				SWIFT_VERSION = 5.0;
			};
			name = Release;
		};
/* End XCBuildConfiguration section */

/* Begin XCConfigurationList section */
		E9A37FD723748090000527B4 /* Build configuration list for PBXProject "hkick-mac" */ = {
			isa = XCConfigurationList;
			buildConfigurations = (
				E9A37FED23748093000527B4 /* Debug */,
				E9A37FEE23748093000527B4 /* Release */,
			);
			defaultConfigurationIsVisible = 0;
			defaultConfigurationName = Release;
		};
		E9A37FEF23748093000527B4 /* Build configuration list for PBXNativeTarget "hkick-mac" */ = {
			isa = XCConfigurationList;
			buildConfigurations = (
				E9A37FF023748093000527B4 /* Debug */,
				E9A37FF123748093000527B4 /* Release */,
			);
			defaultConfigurationIsVisible = 0;
			defaultConfigurationName = Release;
		};
/* End XCConfigurationList section */
	};
	rootObject = E9A37FD423748090000527B4 /* Project object */;
}
